
Microsoft Visual Studio Solution File, Format Version 12.00
# Visual Studio 15
VisualStudioVersion = 15.0.28307.438
MinimumVisualStudioVersion = 10.0.40219.1
Project("{FAE04EC0-301F-11D3-BF4B-00C04F79EFBC}") = "VidlyTwo", "VidlyTwo\VidlyTwo.csproj", "{0C151A07-E488-428C-B45D-AB75CC5780BE}"
EndProject
Global
	GlobalSection(SolutionConfigurationPlatforms) = preSolution
		Debug|Any CPU = Debug|Any CPU
		Release|Any CPU = Release|Any CPU
	EndGlobalSection
	GlobalSection(ProjectConfigurationPlatforms) = postSolution
		{0C151A07-E488-428C-B45D-AB75CC5780BE}.Debug|Any CPU.ActiveCfg = Debug|Any CPU
		{0C151A07-E488-428C-B45D-AB75CC5780BE}.Debug|Any CPU.Build.0 = Debug|Any CPU
		{0C151A07-E488-428C-B45D-AB75CC5780BE}.Release|Any CPU.ActiveCfg = Release|Any CPU
		{0C151A07-E488-428C-B45D-AB75CC5780BE}.Release|Any CPU.Build.0 = Release|Any CPU
	EndGlobalSection
	GlobalSection(SolutionProperties) = preSolution
		HideSolutionNode = FALSE
	EndGlobalSection
	GlobalSection(ExtensibilityGlobals) = postSolution
		SolutionGuid = {B51ADF90-1F15-42D5-AFC8-B359E1684FE7}
	EndGlobalSection
EndGlobal
